
Microsoft Visual Studio Solution File, Format Version 12.00
# Visual Studio Version 17
VisualStudioVersion = 17.0.31903.59
MinimumVisualStudioVersion = 10.0.40219.1
Project("{2150E333-8FDC-42A3-9474-1A3956D46DE8}") = "src", "src", "{827E0CD3-B72D-47B6-A68D-7590B98EB39B}"
EndProject
Project("{2150E333-8FDC-42A3-9474-1A3956D46DE8}") = "Shared", "Shared", "{C8E42992-5E42-0C2B-DBFE-AA848D06431C}"
EndProject
Project("{2150E333-8FDC-42A3-9474-1A3956D46DE8}") = "Services", "Services", "{A1B2C3D4-E5F6-7890-ABCD-EF1234567890}"
EndProject
Project("{FAE04EC0-301F-11D3-BF4B-00C04F79EFBC}") = "Shared.Contracts", "src\Shared\Shared.Contracts\Shared.Contracts.csproj", "{5B792A81-661A-4E9A-AFF9-6C9CDEBA0BC0}"
EndProject
Project("{FAE04EC0-301F-11D3-BF4B-00C04F79EFBC}") = "Shared.Kafka", "src\Shared\Shared.Kafka\Shared.Kafka.csproj", "{DFF305F9-9632-403D-99C8-B798B74520F3}"
EndProject
Project("{FAE04EC0-301F-11D3-BF4B-00C04F79EFBC}") = "ApiGateway", "src\ApiGateway\ApiGateway.csproj", "{8A8ED96F-3250-438F-8EF7-F835A52B12A4}"
EndProject
Project("{FAE04EC0-301F-11D3-BF4B-00C04F79EFBC}") = "Clientes.Service", "src\Services\Clientes.Service\Clientes.Service.csproj", "{2542E99E-F69D-47E0-89A9-510EF5F8C647}"
EndProject
Project("{FAE04EC0-301F-11D3-BF4B-00C04F79EFBC}") = "Admin.Service", "src\Services\Admin.Service\Admin.Service.csproj", "{5E823D3C-AD01-403F-AAAF-699BBC94AA3F}"
EndProject
Project("{FAE04EC0-301F-11D3-BF4B-00C04F79EFBC}") = "Cotacao.Service", "src\Services\Cotacao.Service\Cotacao.Service.csproj", "{EFCDCF11-E729-42DB-A6C8-EAD643D6211F}"
EndProject
Project("{FAE04EC0-301F-11D3-BF4B-00C04F79EFBC}") = "MotorCompra.Service", "src\Services\MotorCompra.Service\MotorCompra.Service.csproj", "{68BBB6B2-67CF-4F10-8880-12E3F5983969}"
EndProject
Project("{FAE04EC0-301F-11D3-BF4B-00C04F79EFBC}") = "MotorCompra.Worker", "src\Services\MotorCompra.Worker\MotorCompra.Worker.csproj", "{3E8610E4-F91C-415B-9549-5D412BC2CFB4}"
EndProject
Project("{FAE04EC0-301F-11D3-BF4B-00C04F79EFBC}") = "Rebalanceamento.Service", "src\Services\Rebalanceamento.Service\Rebalanceamento.Service.csproj", "{C3BF5C11-CB00-40BB-89E7-C5672D9BBAEC}"
EndProject
Project("{2150E333-8FDC-42A3-9474-1A3956D46DE8}") = "tests", "tests", "{0AB3BF05-4346-4AA6-1389-037BE0695223}"
EndProject
Project("{FAE04EC0-301F-11D3-BF4B-00C04F79EFBC}") = "CompraProgramada.Tests", "tests\CompraProgramada.Tests\CompraProgramada.Tests.csproj", "{B5D1E4DF-142A-4F8A-B7AD-F94BE62934C3}"
EndProject
Global
	GlobalSection(SolutionConfigurationPlatforms) = preSolution
		Debug|Any CPU = Debug|Any CPU
		Debug|x64 = Debug|x64
		Debug|x86 = Debug|x86
		Release|Any CPU = Release|Any CPU
		Release|x64 = Release|x64
		Release|x86 = Release|x86
	EndGlobalSection
	GlobalSection(ProjectConfigurationPlatforms) = postSolution
		{5B792A81-661A-4E9A-AFF9-6C9CDEBA0BC0}.Debug|Any CPU.ActiveCfg = Debug|Any CPU
		{5B792A81-661A-4E9A-AFF9-6C9CDEBA0BC0}.Debug|Any CPU.Build.0 = Debug|Any CPU
		{5B792A81-661A-4E9A-AFF9-6C9CDEBA0BC0}.Debug|x64.ActiveCfg = Debug|Any CPU
		{5B792A81-661A-4E9A-AFF9-6C9CDEBA0BC0}.Debug|x64.Build.0 = Debug|Any CPU
		{5B792A81-661A-4E9A-AFF9-6C9CDEBA0BC0}.Debug|x86.ActiveCfg = Debug|Any CPU
		{5B792A81-661A-4E9A-AFF9-6C9CDEBA0BC0}.Debug|x86.Build.0 = Debug|Any CPU
		{5B792A81-661A-4E9A-AFF9-6C9CDEBA0BC0}.Release|Any CPU.ActiveCfg = Release|Any CPU
		{5B792A81-661A-4E9A-AFF9-6C9CDEBA0BC0}.Release|Any CPU.Build.0 = Release|Any CPU
		{5B792A81-661A-4E9A-AFF9-6C9CDEBA0BC0}.Release|x64.ActiveCfg = Release|Any CPU
		{5B792A81-661A-4E9A-AFF9-6C9CDEBA0BC0}.Release|x64.Build.0 = Release|Any CPU
		{5B792A81-661A-4E9A-AFF9-6C9CDEBA0BC0}.Release|x86.ActiveCfg = Release|Any CPU
		{5B792A81-661A-4E9A-AFF9-6C9CDEBA0BC0}.Release|x86.Build.0 = Release|Any CPU
		{DFF305F9-9632-403D-99C8-B798B74520F3}.Debug|Any CPU.ActiveCfg = Debug|Any CPU
		{DFF305F9-9632-403D-99C8-B798B74520F3}.Debug|Any CPU.Build.0 = Debug|Any CPU
		{DFF305F9-9632-403D-99C8-B798B74520F3}.Debug|x64.ActiveCfg = Debug|Any CPU
		{DFF305F9-9632-403D-99C8-B798B74520F3}.Debug|x64.Build.0 = Debug|Any CPU
		{DFF305F9-9632-403D-99C8-B798B74520F3}.Debug|x86.ActiveCfg = Debug|Any CPU
		{DFF305F9-9632-403D-99C8-B798B74520F3}.Debug|x86.Build.0 = Debug|Any CPU
		{DFF305F9-9632-403D-99C8-B798B74520F3}.Release|Any CPU.ActiveCfg = Release|Any CPU
		{DFF305F9-9632-403D-99C8-B798B74520F3}.Release|Any CPU.Build.0 = Release|Any CPU
		{DFF305F9-9632-403D-99C8-B798B74520F3}.Release|x64.ActiveCfg = Release|Any CPU
		{DFF305F9-9632-403D-99C8-B798B74520F3}.Release|x64.Build.0 = Release|Any CPU
		{DFF305F9-9632-403D-99C8-B798B74520F3}.Release|x86.ActiveCfg = Release|Any CPU
		{DFF305F9-9632-403D-99C8-B798B74520F3}.Release|x86.Build.0 = Release|Any CPU
		{8A8ED96F-3250-438F-8EF7-F835A52B12A4}.Debug|Any CPU.ActiveCfg = Debug|Any CPU
		{8A8ED96F-3250-438F-8EF7-F835A52B12A4}.Debug|Any CPU.Build.0 = Debug|Any CPU
		{8A8ED96F-3250-438F-8EF7-F835A52B12A4}.Debug|x64.ActiveCfg = Debug|Any CPU
		{8A8ED96F-3250-438F-8EF7-F835A52B12A4}.Debug|x64.Build.0 = Debug|Any CPU
		{8A8ED96F-3250-438F-8EF7-F835A52B12A4}.Debug|x86.ActiveCfg = Debug|Any CPU
		{8A8ED96F-3250-438F-8EF7-F835A52B12A4}.Debug|x86.Build.0 = Debug|Any CPU
		{8A8ED96F-3250-438F-8EF7-F835A52B12A4}.Release|Any CPU.ActiveCfg = Release|Any CPU
		{8A8ED96F-3250-438F-8EF7-F835A52B12A4}.Release|Any CPU.Build.0 = Release|Any CPU
		{8A8ED96F-3250-438F-8EF7-F835A52B12A4}.Release|x64.ActiveCfg = Release|Any CPU
		{8A8ED96F-3250-438F-8EF7-F835A52B12A4}.Release|x64.Build.0 = Release|Any CPU
		{8A8ED96F-3250-438F-8EF7-F835A52B12A4}.Release|x86.ActiveCfg = Release|Any CPU
		{8A8ED96F-3250-438F-8EF7-F835A52B12A4}.Release|x86.Build.0 = Release|Any CPU
		{2542E99E-F69D-47E0-89A9-510EF5F8C647}.Debug|Any CPU.ActiveCfg = Debug|Any CPU
		{2542E99E-F69D-47E0-89A9-510EF5F8C647}.Debug|Any CPU.Build.0 = Debug|Any CPU
		{2542E99E-F69D-47E0-89A9-510EF5F8C647}.Debug|x64.ActiveCfg = Debug|Any CPU
		{2542E99E-F69D-47E0-89A9-510EF5F8C647}.Debug|x64.Build.0 = Debug|Any CPU
		{2542E99E-F69D-47E0-89A9-510EF5F8C647}.Debug|x86.ActiveCfg = Debug|Any CPU
		{2542E99E-F69D-47E0-89A9-510EF5F8C647}.Debug|x86.Build.0 = Debug|Any CPU
		{2542E99E-F69D-47E0-89A9-510EF5F8C647}.Release|Any CPU.ActiveCfg = Release|Any CPU
		{2542E99E-F69D-47E0-89A9-510EF5F8C647}.Release|Any CPU.Build.0 = Release|Any CPU
		{2542E99E-F69D-47E0-89A9-510EF5F8C647}.Release|x64.ActiveCfg = Release|Any CPU
		{2542E99E-F69D-47E0-89A9-510EF5F8C647}.Release|x64.Build.0 = Release|Any CPU
		{2542E99E-F69D-47E0-89A9-510EF5F8C647}.Release|x86.ActiveCfg = Release|Any CPU
		{2542E99E-F69D-47E0-89A9-510EF5F8C647}.Release|x86.Build.0 = Release|Any CPU
		{5E823D3C-AD01-403F-AAAF-699BBC94AA3F}.Debug|Any CPU.ActiveCfg = Debug|Any CPU
		{5E823D3C-AD01-403F-AAAF-699BBC94AA3F}.Debug|Any CPU.Build.0 = Debug|Any CPU
		{5E823D3C-AD01-403F-AAAF-699BBC94AA3F}.Debug|x64.ActiveCfg = Debug|Any CPU
		{5E823D3C-AD01-403F-AAAF-699BBC94AA3F}.Debug|x64.Build.0 = Debug|Any CPU
		{5E823D3C-AD01-403F-AAAF-699BBC94AA3F}.Debug|x86.ActiveCfg = Debug|Any CPU
		{5E823D3C-AD01-403F-AAAF-699BBC94AA3F}.Debug|x86.Build.0 = Debug|Any CPU
		{5E823D3C-AD01-403F-AAAF-699BBC94AA3F}.Release|Any CPU.ActiveCfg = Release|Any CPU
		{5E823D3C-AD01-403F-AAAF-699BBC94AA3F}.Release|Any CPU.Build.0 = Release|Any CPU
		{5E823D3C-AD01-403F-AAAF-699BBC94AA3F}.Release|x64.ActiveCfg = Release|Any CPU
		{5E823D3C-AD01-403F-AAAF-699BBC94AA3F}.Release|x64.Build.0 = Release|Any CPU
		{5E823D3C-AD01-403F-AAAF-699BBC94AA3F}.Release|x86.ActiveCfg = Release|Any CPU
		{5E823D3C-AD01-403F-AAAF-699BBC94AA3F}.Release|x86.Build.0 = Release|Any CPU
		{EFCDCF11-E729-42DB-A6C8-EAD643D6211F}.Debug|Any CPU.ActiveCfg = Debug|Any CPU
		{EFCDCF11-E729-42DB-A6C8-EAD643D6211F}.Debug|Any CPU.Build.0 = Debug|Any CPU
		{EFCDCF11-E729-42DB-A6C8-EAD643D6211F}.Debug|x64.ActiveCfg = Debug|Any CPU
		{EFCDCF11-E729-42DB-A6C8-EAD643D6211F}.Debug|x64.Build.0 = Debug|Any CPU
		{EFCDCF11-E729-42DB-A6C8-EAD643D6211F}.Debug|x86.ActiveCfg = Debug|Any CPU
		{EFCDCF11-E729-42DB-A6C8-EAD643D6211F}.Debug|x86.Build.0 = Debug|Any CPU
		{EFCDCF11-E729-42DB-A6C8-EAD643D6211F}.Release|Any CPU.ActiveCfg = Release|Any CPU
		{EFCDCF11-E729-42DB-A6C8-EAD643D6211F}.Release|Any CPU.Build.0 = Release|Any CPU
		{EFCDCF11-E729-42DB-A6C8-EAD643D6211F}.Release|x64.ActiveCfg = Release|Any CPU
		{EFCDCF11-E729-42DB-A6C8-EAD643D6211F}.Release|x64.Build.0 = Release|Any CPU
		{EFCDCF11-E729-42DB-A6C8-EAD643D6211F}.Release|x86.ActiveCfg = Release|Any CPU
		{EFCDCF11-E729-42DB-A6C8-EAD643D6211F}.Release|x86.Build.0 = Release|Any CPU
		{68BBB6B2-67CF-4F10-8880-12E3F5983969}.Debug|Any CPU.ActiveCfg = Debug|Any CPU
		{68BBB6B2-67CF-4F10-8880-12E3F5983969}.Debug|Any CPU.Build.0 = Debug|Any CPU
		{68BBB6B2-67CF-4F10-8880-12E3F5983969}.Debug|x64.ActiveCfg = Debug|Any CPU
		{68BBB6B2-67CF-4F10-8880-12E3F5983969}.Debug|x64.Build.0 = Debug|Any CPU
		{68BBB6B2-67CF-4F10-8880-12E3F5983969}.Debug|x86.ActiveCfg = Debug|Any CPU
		{68BBB6B2-67CF-4F10-8880-12E3F5983969}.Debug|x86.Build.0 = Debug|Any CPU
		{68BBB6B2-67CF-4F10-8880-12E3F5983969}.Release|Any CPU.ActiveCfg = Release|Any CPU
		{68BBB6B2-67CF-4F10-8880-12E3F5983969}.Release|Any CPU.Build.0 = Release|Any CPU
		{68BBB6B2-67CF-4F10-8880-12E3F5983969}.Release|x64.ActiveCfg = Release|Any CPU
		{68BBB6B2-67CF-4F10-8880-12E3F5983969}.Release|x64.Build.0 = Release|Any CPU
		{68BBB6B2-67CF-4F10-8880-12E3F5983969}.Release|x86.ActiveCfg = Release|Any CPU
		{68BBB6B2-67CF-4F10-8880-12E3F5983969}.Release|x86.Build.0 = Release|Any CPU
		{3E8610E4-F91C-415B-9549-5D412BC2CFB4}.Debug|Any CPU.ActiveCfg = Debug|Any CPU
		{3E8610E4-F91C-415B-9549-5D412BC2CFB4}.Debug|Any CPU.Build.0 = Debug|Any CPU
		{3E8610E4-F91C-415B-9549-5D412BC2CFB4}.Debug|x64.ActiveCfg = Debug|Any CPU
		{3E8610E4-F91C-415B-9549-5D412BC2CFB4}.Debug|x64.Build.0 = Debug|Any CPU
		{3E8610E4-F91C-415B-9549-5D412BC2CFB4}.Debug|x86.ActiveCfg = Debug|Any CPU
		{3E8610E4-F91C-415B-9549-5D412BC2CFB4}.Debug|x86.Build.0 = Debug|Any CPU
		{3E8610E4-F91C-415B-9549-5D412BC2CFB4}.Release|Any CPU.ActiveCfg = Release|Any CPU
		{3E8610E4-F91C-415B-9549-5D412BC2CFB4}.Release|Any CPU.Build.0 = Release|Any CPU
		{3E8610E4-F91C-415B-9549-5D412BC2CFB4}.Release|x64.ActiveCfg = Release|Any CPU
		{3E8610E4-F91C-415B-9549-5D412BC2CFB4}.Release|x64.Build.0 = Release|Any CPU
		{3E8610E4-F91C-415B-9549-5D412BC2CFB4}.Release|x86.ActiveCfg = Release|Any CPU
		{3E8610E4-F91C-415B-9549-5D412BC2CFB4}.Release|x86.Build.0 = Release|Any CPU
		{C3BF5C11-CB00-40BB-89E7-C5672D9BBAEC}.Debug|Any CPU.ActiveCfg = Debug|Any CPU
		{C3BF5C11-CB00-40BB-89E7-C5672D9BBAEC}.Debug|Any CPU.Build.0 = Debug|Any CPU
		{C3BF5C11-CB00-40BB-89E7-C5672D9BBAEC}.Debug|x64.ActiveCfg = Debug|Any CPU
		{C3BF5C11-CB00-40BB-89E7-C5672D9BBAEC}.Debug|x64.Build.0 = Debug|Any CPU
		{C3BF5C11-CB00-40BB-89E7-C5672D9BBAEC}.Debug|x86.ActiveCfg = Debug|Any CPU
		{C3BF5C11-CB00-40BB-89E7-C5672D9BBAEC}.Debug|x86.Build.0 = Debug|Any CPU
		{C3BF5C11-CB00-40BB-89E7-C5672D9BBAEC}.Release|Any CPU.ActiveCfg = Release|Any CPU
		{C3BF5C11-CB00-40BB-89E7-C5672D9BBAEC}.Release|Any CPU.Build.0 = Release|Any CPU
		{C3BF5C11-CB00-40BB-89E7-C5672D9BBAEC}.Release|x64.ActiveCfg = Release|Any CPU
		{C3BF5C11-CB00-40BB-89E7-C5672D9BBAEC}.Release|x64.Build.0 = Release|Any CPU
		{C3BF5C11-CB00-40BB-89E7-C5672D9BBAEC}.Release|x86.ActiveCfg = Release|Any CPU
		{C3BF5C11-CB00-40BB-89E7-C5672D9BBAEC}.Release|x86.Build.0 = Release|Any CPU
		{B5D1E4DF-142A-4F8A-B7AD-F94BE62934C3}.Debug|Any CPU.ActiveCfg = Debug|Any CPU
		{B5D1E4DF-142A-4F8A-B7AD-F94BE62934C3}.Debug|Any CPU.Build.0 = Debug|Any CPU
		{B5D1E4DF-142A-4F8A-B7AD-F94BE62934C3}.Debug|x64.ActiveCfg = Debug|Any CPU
		{B5D1E4DF-142A-4F8A-B7AD-F94BE62934C3}.Debug|x64.Build.0 = Debug|Any CPU
		{B5D1E4DF-142A-4F8A-B7AD-F94BE62934C3}.Debug|x86.ActiveCfg = Debug|Any CPU
		{B5D1E4DF-142A-4F8A-B7AD-F94BE62934C3}.Debug|x86.Build.0 = Debug|Any CPU
		{B5D1E4DF-142A-4F8A-B7AD-F94BE62934C3}.Release|Any CPU.ActiveCfg = Release|Any CPU
		{B5D1E4DF-142A-4F8A-B7AD-F94BE62934C3}.Release|Any CPU.Build.0 = Release|Any CPU
		{B5D1E4DF-142A-4F8A-B7AD-F94BE62934C3}.Release|x64.ActiveCfg = Release|Any CPU
		{B5D1E4DF-142A-4F8A-B7AD-F94BE62934C3}.Release|x64.Build.0 = Release|Any CPU
		{B5D1E4DF-142A-4F8A-B7AD-F94BE62934C3}.Release|x86.ActiveCfg = Release|Any CPU
		{B5D1E4DF-142A-4F8A-B7AD-F94BE62934C3}.Release|x86.Build.0 = Release|Any CPU
	EndGlobalSection
	GlobalSection(SolutionProperties) = preSolution
		HideSolutionNode = FALSE
	EndGlobalSection
	GlobalSection(NestedProjects) = preSolution
		{C8E42992-5E42-0C2B-DBFE-AA848D06431C} = {827E0CD3-B72D-47B6-A68D-7590B98EB39B}
		{A1B2C3D4-E5F6-7890-ABCD-EF1234567890} = {827E0CD3-B72D-47B6-A68D-7590B98EB39B}
		{5B792A81-661A-4E9A-AFF9-6C9CDEBA0BC0} = {C8E42992-5E42-0C2B-DBFE-AA848D06431C}
		{DFF305F9-9632-403D-99C8-B798B74520F3} = {C8E42992-5E42-0C2B-DBFE-AA848D06431C}
		{8A8ED96F-3250-438F-8EF7-F835A52B12A4} = {827E0CD3-B72D-47B6-A68D-7590B98EB39B}
		{2542E99E-F69D-47E0-89A9-510EF5F8C647} = {A1B2C3D4-E5F6-7890-ABCD-EF1234567890}
		{5E823D3C-AD01-403F-AAAF-699BBC94AA3F} = {A1B2C3D4-E5F6-7890-ABCD-EF1234567890}
		{EFCDCF11-E729-42DB-A6C8-EAD643D6211F} = {A1B2C3D4-E5F6-7890-ABCD-EF1234567890}
		{68BBB6B2-67CF-4F10-8880-12E3F5983969} = {A1B2C3D4-E5F6-7890-ABCD-EF1234567890}
		{3E8610E4-F91C-415B-9549-5D412BC2CFB4} = {A1B2C3D4-E5F6-7890-ABCD-EF1234567890}
		{C3BF5C11-CB00-40BB-89E7-C5672D9BBAEC} = {A1B2C3D4-E5F6-7890-ABCD-EF1234567890}
		{B5D1E4DF-142A-4F8A-B7AD-F94BE62934C3} = {0AB3BF05-4346-4AA6-1389-037BE0695223}
	EndGlobalSection
EndGlobal
